// !$*UTF8*$!
{
	archiveVersion = 1;
	classes = {
	};
	objectVersion = 46;
	objects = {

/* Begin PBXBuildFile section */
		AF361D361F0DB76200FAAA1C /* LexerTests.swift in Sources */ = {isa = PBXBuildFile; fileRef = AF361D351F0DB76200FAAA1C /* LexerTests.swift */; };
		AF3AEC1D1F16E485008D7311 /* Parser.swift in Sources */ = {isa = PBXBuildFile; fileRef = AF3AEC1C1F16E485008D7311 /* Parser.swift */; };
		AF3D7621203348900023ECA7 /* Recognizer.swift in Sources */ = {isa = PBXBuildFile; fileRef = AF3D7620203348900023ECA7 /* Recognizer.swift */; };
		AF3D7623203494920023ECA7 /* RecognizerTests.swift in Sources */ = {isa = PBXBuildFile; fileRef = AF3D7622203494920023ECA7 /* RecognizerTests.swift */; };
		AF3D76252034F5510023ECA7 /* MillisFormatter.swift in Sources */ = {isa = PBXBuildFile; fileRef = AF3D76242034F5510023ECA7 /* MillisFormatter.swift */; };
		AF3D76292034FC900023ECA7 /* MillisFormatterTest.swift in Sources */ = {isa = PBXBuildFile; fileRef = AF3D76282034FC900023ECA7 /* MillisFormatterTest.swift */; };
		AF473F241F1EF1B300F6F856 /* ExecutorTests.swift in Sources */ = {isa = PBXBuildFile; fileRef = AF473F231F1EF1B300F6F856 /* ExecutorTests.swift */; };
		AF6852B71EF8A56700F9DACF /* AppDelegate.swift in Sources */ = {isa = PBXBuildFile; fileRef = AF6852B61EF8A56700F9DACF /* AppDelegate.swift */; };
		AF6852B91EF8A56700F9DACF /* ViewController.swift in Sources */ = {isa = PBXBuildFile; fileRef = AF6852B81EF8A56700F9DACF /* ViewController.swift */; };
		AF6852BB1EF8A56700F9DACF /* Assets.xcassets in Resources */ = {isa = PBXBuildFile; fileRef = AF6852BA1EF8A56700F9DACF /* Assets.xcassets */; };
		AF6852BE1EF8A56700F9DACF /* Main.storyboard in Resources */ = {isa = PBXBuildFile; fileRef = AF6852BC1EF8A56700F9DACF /* Main.storyboard */; };
		AF75CE641F19736D006E851D /* ParserTests.swift in Sources */ = {isa = PBXBuildFile; fileRef = AF75CE631F19736D006E851D /* ParserTests.swift */; };
		AF75CE661F1AEE26006E851D /* Executor.swift in Sources */ = {isa = PBXBuildFile; fileRef = AF75CE651F1AEE26006E851D /* Executor.swift */; };
		AFA0C53E1F07188700C1B923 /* LineNumberRulerView.swift in Sources */ = {isa = PBXBuildFile; fileRef = AFA0C53D1F07188700C1B923 /* LineNumberRulerView.swift */; };
		AFA0C5401F09B54E00C1B923 /* ResultsCalculator.swift in Sources */ = {isa = PBXBuildFile; fileRef = AFA0C53F1F09B54E00C1B923 /* ResultsCalculator.swift */; };
		AFA0C5421F0ADAB800C1B923 /* Lexer.swift in Sources */ = {isa = PBXBuildFile; fileRef = AFA0C5411F0ADAB800C1B923 /* Lexer.swift */; };
		AFB796F61FC25E3300B8383A /* TimeCalcHelp.help in Resources */ = {isa = PBXBuildFile; fileRef = AFB796EB1FC2563500B8383A /* TimeCalcHelp.help */; };
		AFDA1FCD1F6F495200E525E8 /* README.md in Sources */ = {isa = PBXBuildFile; fileRef = AFDA1FCC1F6F495200E525E8 /* README.md */; };
		AFDD49B61F2D0BC000A9DB4B /* SynchroScrollView.swift in Sources */ = {isa = PBXBuildFile; fileRef = AFDD49B51F2D0BC000A9DB4B /* SynchroScrollView.swift */; };
/* End PBXBuildFile section */

/* Begin PBXBuildRule section */
		AF9B3DA61F7342000059E792 /* PBXBuildRule */ = {
			isa = PBXBuildRule;
			compilerSpec = com.apple.compilers.proxy.script;
			filePatterns = "*.md";
			fileType = pattern.proxy;
			isEditable = 1;
			outputFiles = (
			);
			script = "true
";
		};
/* End PBXBuildRule section */

/* Begin PBXContainerItemProxy section */
		AF361D301F0DB72800FAAA1C /* PBXContainerItemProxy */ = {
			isa = PBXContainerItemProxy;
			containerPortal = AF6852AB1EF8A56700F9DACF /* Project object */;
			proxyType = 1;
			remoteGlobalIDString = AF6852B21EF8A56700F9DACF;
			remoteInfo = TextViewTests;
		};
		AFB796F21FC2593800B8383A /* PBXContainerItemProxy */ = {
			isa = PBXContainerItemProxy;
			containerPortal = AF6852AB1EF8A56700F9DACF /* Project object */;
			proxyType = 1;
			remoteGlobalIDString = AFB796EA1FC2563500B8383A;
			remoteInfo = TimeCalcHelp;
		};
/* End PBXContainerItemProxy section */

/* Begin PBXFileReference section */
		AF0135EA1F773563003AE71B /* update_build_number.sh */ = {isa = PBXFileReference; lastKnownFileType = text.script.sh; path = update_build_number.sh; sourceTree = "<group>"; };
		AF0135EC1F773643003AE71B /* nth_commit.sh */ = {isa = PBXFileReference; lastKnownFileType = text.script.sh; path = nth_commit.sh; sourceTree = "<group>"; };
		AF361D2B1F0DB72800FAAA1C /* TimeCalcTests.xctest */ = {isa = PBXFileReference; explicitFileType = wrapper.cfbundle; includeInIndex = 0; path = TimeCalcTests.xctest; sourceTree = BUILT_PRODUCTS_DIR; };
		AF361D2F1F0DB72800FAAA1C /* Info.plist */ = {isa = PBXFileReference; lastKnownFileType = text.plist.xml; path = Info.plist; sourceTree = "<group>"; };
		AF361D351F0DB76200FAAA1C /* LexerTests.swift */ = {isa = PBXFileReference; fileEncoding = 4; lastKnownFileType = sourcecode.swift; path = LexerTests.swift; sourceTree = "<group>"; };
		AF3AEC1C1F16E485008D7311 /* Parser.swift */ = {isa = PBXFileReference; fileEncoding = 4; lastKnownFileType = sourcecode.swift; path = Parser.swift; sourceTree = "<group>"; };
		AF3D7620203348900023ECA7 /* Recognizer.swift */ = {isa = PBXFileReference; lastKnownFileType = sourcecode.swift; path = Recognizer.swift; sourceTree = "<group>"; };
		AF3D7622203494920023ECA7 /* RecognizerTests.swift */ = {isa = PBXFileReference; lastKnownFileType = sourcecode.swift; path = RecognizerTests.swift; sourceTree = "<group>"; };
		AF3D76242034F5510023ECA7 /* MillisFormatter.swift */ = {isa = PBXFileReference; lastKnownFileType = sourcecode.swift; path = MillisFormatter.swift; sourceTree = "<group>"; };
		AF3D76282034FC900023ECA7 /* MillisFormatterTest.swift */ = {isa = PBXFileReference; lastKnownFileType = sourcecode.swift; path = MillisFormatterTest.swift; sourceTree = "<group>"; };
		AF42475D1F8AEF9900408CA0 /* LICENSE.md */ = {isa = PBXFileReference; lastKnownFileType = net.daringfireball.markdown; path = LICENSE.md; sourceTree = "<group>"; };
		AF473F231F1EF1B300F6F856 /* ExecutorTests.swift */ = {isa = PBXFileReference; fileEncoding = 4; lastKnownFileType = sourcecode.swift; path = ExecutorTests.swift; sourceTree = "<group>"; };
		AF6852B31EF8A56700F9DACF /* TimeCalc.app */ = {isa = PBXFileReference; explicitFileType = wrapper.application; includeInIndex = 0; path = TimeCalc.app; sourceTree = BUILT_PRODUCTS_DIR; };
		AF6852B61EF8A56700F9DACF /* AppDelegate.swift */ = {isa = PBXFileReference; lastKnownFileType = sourcecode.swift; path = AppDelegate.swift; sourceTree = "<group>"; };
		AF6852B81EF8A56700F9DACF /* ViewController.swift */ = {isa = PBXFileReference; lastKnownFileType = sourcecode.swift; path = ViewController.swift; sourceTree = "<group>"; };
		AF6852BA1EF8A56700F9DACF /* Assets.xcassets */ = {isa = PBXFileReference; lastKnownFileType = folder.assetcatalog; path = Assets.xcassets; sourceTree = "<group>"; };
		AF6852BD1EF8A56700F9DACF /* Base */ = {isa = PBXFileReference; lastKnownFileType = file.storyboard; name = Base; path = Base.lproj/Main.storyboard; sourceTree = "<group>"; };
		AF6852BF1EF8A56700F9DACF /* Info.plist */ = {isa = PBXFileReference; lastKnownFileType = text.plist.xml; path = Info.plist; sourceTree = "<group>"; };
		AF75CE631F19736D006E851D /* ParserTests.swift */ = {isa = PBXFileReference; fileEncoding = 4; lastKnownFileType = sourcecode.swift; path = ParserTests.swift; sourceTree = "<group>"; };
		AF75CE651F1AEE26006E851D /* Executor.swift */ = {isa = PBXFileReference; fileEncoding = 4; lastKnownFileType = sourcecode.swift; path = Executor.swift; sourceTree = "<group>"; };
		AFA0C53D1F07188700C1B923 /* LineNumberRulerView.swift */ = {isa = PBXFileReference; fileEncoding = 4; lastKnownFileType = sourcecode.swift; path = LineNumberRulerView.swift; sourceTree = "<group>"; };
		AFA0C53F1F09B54E00C1B923 /* ResultsCalculator.swift */ = {isa = PBXFileReference; fileEncoding = 4; lastKnownFileType = sourcecode.swift; path = ResultsCalculator.swift; sourceTree = "<group>"; };
		AFA0C5411F0ADAB800C1B923 /* Lexer.swift */ = {isa = PBXFileReference; fileEncoding = 4; lastKnownFileType = sourcecode.swift; path = Lexer.swift; sourceTree = "<group>"; };
		AFB1C7111FCCF05500464CD9 /* TimeCalcOverview.png */ = {isa = PBXFileReference; lastKnownFileType = image.png; path = TimeCalcOverview.png; sourceTree = "<group>"; };
		AFB796EB1FC2563500B8383A /* TimeCalcHelp.help */ = {isa = PBXFileReference; explicitFileType = wrapper.cfbundle; includeInIndex = 0; path = TimeCalcHelp.help; sourceTree = BUILT_PRODUCTS_DIR; };
		AFB796ED1FC2563500B8383A /* Info.plist */ = {isa = PBXFileReference; lastKnownFileType = text.plist.xml; path = Info.plist; sourceTree = "<group>"; };
		AFB7970E1FC269B400B8383A /* _config.yml */ = {isa = PBXFileReference; fileEncoding = 4; lastKnownFileType = text; path = _config.yml; sourceTree = "<group>"; };
		AFB797101FC269CF00B8383A /* css */ = {isa = PBXFileReference; lastKnownFileType = folder; path = css; sourceTree = "<group>"; };
		AFB797111FC269CF00B8383A /* _includes */ = {isa = PBXFileReference; lastKnownFileType = folder; path = _includes; sourceTree = "<group>"; };
		AFB797121FC269CF00B8383A /* book-icon.png */ = {isa = PBXFileReference; lastKnownFileType = image.png; path = "book-icon.png"; sourceTree = "<group>"; };
		AFB797131FC269CF00B8383A /* _English.lproj */ = {isa = PBXFileReference; lastKnownFileType = folder; path = _English.lproj; sourceTree = "<group>"; };
		AFB797141FC269CF00B8383A /* _layouts */ = {isa = PBXFileReference; lastKnownFileType = folder; path = _layouts; sourceTree = "<group>"; };
		AFB797151FC269CF00B8383A /* Makefile */ = {isa = PBXFileReference; fileEncoding = 4; lastKnownFileType = sourcecode.make; path = Makefile; sourceTree = "<group>"; };
		AFB797161FC269CF00B8383A /* _plugins */ = {isa = PBXFileReference; lastKnownFileType = folder; path = _plugins; sourceTree = "<group>"; };
		AFB797171FC269CF00B8383A /* nav.js */ = {isa = PBXFileReference; fileEncoding = 4; lastKnownFileType = sourcecode.javascript; path = nav.js; sourceTree = "<group>"; };
		AFB797181FC269CF00B8383A /* _sass */ = {isa = PBXFileReference; lastKnownFileType = folder; path = _sass; sourceTree = "<group>"; };
		AFB797191FC269CF00B8383A /* jekyll-server.command */ = {isa = PBXFileReference; fileEncoding = 4; lastKnownFileType = text.script.sh; path = "jekyll-server.command"; sourceTree = "<group>"; };
		AFDA1FCC1F6F495200E525E8 /* README.md */ = {isa = PBXFileReference; fileEncoding = 4; lastKnownFileType = net.daringfireball.markdown; path = README.md; sourceTree = SOURCE_ROOT; };
		AFDD49B51F2D0BC000A9DB4B /* SynchroScrollView.swift */ = {isa = PBXFileReference; fileEncoding = 4; lastKnownFileType = sourcecode.swift; path = SynchroScrollView.swift; sourceTree = "<group>"; };
		AFE9BC521F008CD400470C53 /* TimeCalc.entitlements */ = {isa = PBXFileReference; lastKnownFileType = text.plist.entitlements; path = TimeCalc.entitlements; sourceTree = "<group>"; };
/* End PBXFileReference section */

/* Begin PBXFrameworksBuildPhase section */
		AF361D281F0DB72800FAAA1C /* Frameworks */ = {
			isa = PBXFrameworksBuildPhase;
			buildActionMask = 2147483647;
			files = (
			);
			runOnlyForDeploymentPostprocessing = 0;
		};
		AF6852B01EF8A56700F9DACF /* Frameworks */ = {
			isa = PBXFrameworksBuildPhase;
			buildActionMask = 2147483647;
			files = (
			);
			runOnlyForDeploymentPostprocessing = 0;
		};
		AFB796E81FC2563500B8383A /* Frameworks */ = {
			isa = PBXFrameworksBuildPhase;
			buildActionMask = 2147483647;
			files = (
			);
			runOnlyForDeploymentPostprocessing = 0;
		};
/* End PBXFrameworksBuildPhase section */

/* Begin PBXGroup section */
		AF0135E91F773516003AE71B /* scripts */ = {
			isa = PBXGroup;
			children = (
				AF0135EA1F773563003AE71B /* update_build_number.sh */,
				AF0135EC1F773643003AE71B /* nth_commit.sh */,
			);
			path = scripts;
			sourceTree = "<group>";
		};
		AF361D2C1F0DB72800FAAA1C /* TimeCalcTests */ = {
			isa = PBXGroup;
			children = (
				AF473F231F1EF1B300F6F856 /* ExecutorTests.swift */,
				AF75CE631F19736D006E851D /* ParserTests.swift */,
				AF361D351F0DB76200FAAA1C /* LexerTests.swift */,
				AF361D2F1F0DB72800FAAA1C /* Info.plist */,
				AF3D7622203494920023ECA7 /* RecognizerTests.swift */,
				AF3D76282034FC900023ECA7 /* MillisFormatterTest.swift */,
			);
			path = TimeCalcTests;
			sourceTree = "<group>";
		};
		AF6852AA1EF8A56700F9DACF = {
			isa = PBXGroup;
			children = (
				AFB1C7111FCCF05500464CD9 /* TimeCalcOverview.png */,
				AF42475D1F8AEF9900408CA0 /* LICENSE.md */,
				AFDA1FCC1F6F495200E525E8 /* README.md */,
				AF0135E91F773516003AE71B /* scripts */,
				AF6852B51EF8A56700F9DACF /* TimeCalc */,
				AF361D2C1F0DB72800FAAA1C /* TimeCalcTests */,
				AFB796EC1FC2563500B8383A /* TimeCalcHelp */,
				AF6852B41EF8A56700F9DACF /* Products */,
			);
			sourceTree = "<group>";
		};
		AF6852B41EF8A56700F9DACF /* Products */ = {
			isa = PBXGroup;
			children = (
				AF6852B31EF8A56700F9DACF /* TimeCalc.app */,
				AF361D2B1F0DB72800FAAA1C /* TimeCalcTests.xctest */,
				AFB796EB1FC2563500B8383A /* TimeCalcHelp.help */,
			);
			name = Products;
			sourceTree = "<group>";
		};
		AF6852B51EF8A56700F9DACF /* TimeCalc */ = {
			isa = PBXGroup;
			children = (
				AFE9BC521F008CD400470C53 /* TimeCalc.entitlements */,
				AF6852B61EF8A56700F9DACF /* AppDelegate.swift */,
				AF6852B81EF8A56700F9DACF /* ViewController.swift */,
				AF6852BA1EF8A56700F9DACF /* Assets.xcassets */,
				AF6852BC1EF8A56700F9DACF /* Main.storyboard */,
				AF6852BF1EF8A56700F9DACF /* Info.plist */,
				AFA0C53D1F07188700C1B923 /* LineNumberRulerView.swift */,
				AFA0C53F1F09B54E00C1B923 /* ResultsCalculator.swift */,
				AFA0C5411F0ADAB800C1B923 /* Lexer.swift */,
				AF3AEC1C1F16E485008D7311 /* Parser.swift */,
				AF75CE651F1AEE26006E851D /* Executor.swift */,
				AFDD49B51F2D0BC000A9DB4B /* SynchroScrollView.swift */,
				AF3D7620203348900023ECA7 /* Recognizer.swift */,
				AF3D76242034F5510023ECA7 /* MillisFormatter.swift */,
			);
			path = TimeCalc;
			sourceTree = "<group>";
		};
		AFB796EC1FC2563500B8383A /* TimeCalcHelp */ = {
			isa = PBXGroup;
			children = (
				AFB797131FC269CF00B8383A /* _English.lproj */,
				AFB797111FC269CF00B8383A /* _includes */,
				AFB797141FC269CF00B8383A /* _layouts */,
				AFB797161FC269CF00B8383A /* _plugins */,
				AFB797181FC269CF00B8383A /* _sass */,
				AFB797121FC269CF00B8383A /* book-icon.png */,
				AFB797101FC269CF00B8383A /* css */,
				AFB797191FC269CF00B8383A /* jekyll-server.command */,
				AFB797151FC269CF00B8383A /* Makefile */,
				AFB797171FC269CF00B8383A /* nav.js */,
				AFB7970E1FC269B400B8383A /* _config.yml */,
				AFB796ED1FC2563500B8383A /* Info.plist */,
			);
			path = TimeCalcHelp;
			sourceTree = "<group>";
		};
/* End PBXGroup section */

/* Begin PBXNativeTarget section */
		AF361D2A1F0DB72800FAAA1C /* TimeCalcTests */ = {
			isa = PBXNativeTarget;
			buildConfigurationList = AF361D341F0DB72800FAAA1C /* Build configuration list for PBXNativeTarget "TimeCalcTests" */;
			buildPhases = (
				AF361D271F0DB72800FAAA1C /* Sources */,
				AF361D281F0DB72800FAAA1C /* Frameworks */,
				AF361D291F0DB72800FAAA1C /* Resources */,
			);
			buildRules = (
			);
			dependencies = (
				AF361D311F0DB72800FAAA1C /* PBXTargetDependency */,
			);
			name = TimeCalcTests;
			productName = TextViewTestsTests;
			productReference = AF361D2B1F0DB72800FAAA1C /* TimeCalcTests.xctest */;
			productType = "com.apple.product-type.bundle.unit-test";
		};
		AF6852B21EF8A56700F9DACF /* TimeCalc */ = {
			isa = PBXNativeTarget;
			buildConfigurationList = AF6852C21EF8A56700F9DACF /* Build configuration list for PBXNativeTarget "TimeCalc" */;
			buildPhases = (
				AF6852AF1EF8A56700F9DACF /* Sources */,
				AF6852B01EF8A56700F9DACF /* Frameworks */,
				AF6852B11EF8A56700F9DACF /* Resources */,
				AF0135EB1F7735A6003AE71B /* ShellScript */,
			);
			buildRules = (
				AF9B3DA61F7342000059E792 /* PBXBuildRule */,
			);
			dependencies = (
				AFB796F31FC2593800B8383A /* PBXTargetDependency */,
			);
			name = TimeCalc;
			productName = TextViewTests;
			productReference = AF6852B31EF8A56700F9DACF /* TimeCalc.app */;
			productType = "com.apple.product-type.application";
		};
		AFB796EA1FC2563500B8383A /* TimeCalcHelp */ = {
			isa = PBXNativeTarget;
			buildConfigurationList = AFB796F01FC2563500B8383A /* Build configuration list for PBXNativeTarget "TimeCalcHelp" */;
			buildPhases = (
				AFB796E71FC2563500B8383A /* Sources */,
				AFB796E81FC2563500B8383A /* Frameworks */,
				AFB796E91FC2563500B8383A /* Resources */,
				AFB796F11FC2588800B8383A /* ShellScript */,
			);
			buildRules = (
			);
			dependencies = (
			);
			name = TimeCalcHelp;
			productName = TimeCalcHelp;
			productReference = AFB796EB1FC2563500B8383A /* TimeCalcHelp.help */;
			productType = "com.apple.product-type.bundle";
		};
/* End PBXNativeTarget section */

/* Begin PBXProject section */
		AF6852AB1EF8A56700F9DACF /* Project object */ = {
			isa = PBXProject;
			attributes = {
				LastSwiftUpdateCheck = 0830;
				LastUpgradeCheck = 0930;
				ORGANIZATIONNAME = Zanthan;
				TargetAttributes = {
					AF361D2A1F0DB72800FAAA1C = {
						CreatedOnToolsVersion = 8.3.3;
						LastSwiftMigration = 0900;
						ProvisioningStyle = Automatic;
						TestTargetID = AF6852B21EF8A56700F9DACF;
					};
					AF6852B21EF8A56700F9DACF = {
						CreatedOnToolsVersion = 8.3.3;
						LastSwiftMigration = 0900;
						ProvisioningStyle = Automatic;
						SystemCapabilities = {
							com.apple.Sandbox = {
								enabled = 1;
							};
						};
					};
					AFB796EA1FC2563500B8383A = {
						CreatedOnToolsVersion = 9.1;
						ProvisioningStyle = Automatic;
					};
				};
			};
			buildConfigurationList = AF6852AE1EF8A56700F9DACF /* Build configuration list for PBXProject "TimeCalc" */;
			compatibilityVersion = "Xcode 3.2";
			developmentRegion = English;
			hasScannedForEncodings = 0;
			knownRegions = (
				en,
				Base,
			);
			mainGroup = AF6852AA1EF8A56700F9DACF;
			productRefGroup = AF6852B41EF8A56700F9DACF /* Products */;
			projectDirPath = "";
			projectRoot = "";
			targets = (
				AF6852B21EF8A56700F9DACF /* TimeCalc */,
				AF361D2A1F0DB72800FAAA1C /* TimeCalcTests */,
				AFB796EA1FC2563500B8383A /* TimeCalcHelp */,
			);
		};
/* End PBXProject section */

/* Begin PBXResourcesBuildPhase section */
		AF361D291F0DB72800FAAA1C /* Resources */ = {
			isa = PBXResourcesBuildPhase;
			buildActionMask = 2147483647;
			files = (
			);
			runOnlyForDeploymentPostprocessing = 0;
		};
		AF6852B11EF8A56700F9DACF /* Resources */ = {
			isa = PBXResourcesBuildPhase;
			buildActionMask = 2147483647;
			files = (
				AF6852BB1EF8A56700F9DACF /* Assets.xcassets in Resources */,
				AF6852BE1EF8A56700F9DACF /* Main.storyboard in Resources */,
				AFB796F61FC25E3300B8383A /* TimeCalcHelp.help in Resources */,
			);
			runOnlyForDeploymentPostprocessing = 0;
		};
		AFB796E91FC2563500B8383A /* Resources */ = {
			isa = PBXResourcesBuildPhase;
			buildActionMask = 2147483647;
			files = (
			);
			runOnlyForDeploymentPostprocessing = 0;
		};
/* End PBXResourcesBuildPhase section */

/* Begin PBXShellScriptBuildPhase section */
		AF0135EB1F7735A6003AE71B /* ShellScript */ = {
			isa = PBXShellScriptBuildPhase;
			buildActionMask = 2147483647;
			files = (
			);
			inputPaths = (
			);
			outputPaths = (
			);
			runOnlyForDeploymentPostprocessing = 0;
			shellPath = /bin/sh;
			shellScript = "${PROJECT_DIR}/scripts/update_build_number.sh";
		};
		AFB796F11FC2588800B8383A /* ShellScript */ = {
			isa = PBXShellScriptBuildPhase;
			buildActionMask = 2147483647;
			files = (
			);
			inputPaths = (
			);
			outputPaths = (
			);
			runOnlyForDeploymentPostprocessing = 0;
			shellPath = /bin/sh;
			shellScript = "/usr/bin/make -C \"$(dirname \"$PRODUCT_SETTINGS_PATH\")\"\n";
		};
/* End PBXShellScriptBuildPhase section */

/* Begin PBXSourcesBuildPhase section */
		AF361D271F0DB72800FAAA1C /* Sources */ = {
			isa = PBXSourcesBuildPhase;
			buildActionMask = 2147483647;
			files = (
				AF75CE641F19736D006E851D /* ParserTests.swift in Sources */,
				AF473F241F1EF1B300F6F856 /* ExecutorTests.swift in Sources */,
				AF3D76292034FC900023ECA7 /* MillisFormatterTest.swift in Sources */,
				AF3D7623203494920023ECA7 /* RecognizerTests.swift in Sources */,
				AFDA1FCD1F6F495200E525E8 /* README.md in Sources */,
				AF361D361F0DB76200FAAA1C /* LexerTests.swift in Sources */,
			);
			runOnlyForDeploymentPostprocessing = 0;
		};
		AF6852AF1EF8A56700F9DACF /* Sources */ = {
			isa = PBXSourcesBuildPhase;
			buildActionMask = 2147483647;
			files = (
				AFA0C53E1F07188700C1B923 /* LineNumberRulerView.swift in Sources */,
				AFA0C5401F09B54E00C1B923 /* ResultsCalculator.swift in Sources */,
				AFDD49B61F2D0BC000A9DB4B /* SynchroScrollView.swift in Sources */,
				AF3AEC1D1F16E485008D7311 /* Parser.swift in Sources */,
				AF6852B91EF8A56700F9DACF /* ViewController.swift in Sources */,
				AF6852B71EF8A56700F9DACF /* AppDelegate.swift in Sources */,
				AF3D76252034F5510023ECA7 /* MillisFormatter.swift in Sources */,
				AF3D7621203348900023ECA7 /* Recognizer.swift in Sources */,
				AFA0C5421F0ADAB800C1B923 /* Lexer.swift in Sources */,
				AF75CE661F1AEE26006E851D /* Executor.swift in Sources */,
			);
			runOnlyForDeploymentPostprocessing = 0;
		};
		AFB796E71FC2563500B8383A /* Sources */ = {
			isa = PBXSourcesBuildPhase;
			buildActionMask = 2147483647;
			files = (
			);
			runOnlyForDeploymentPostprocessing = 0;
		};
/* End PBXSourcesBuildPhase section */

/* Begin PBXTargetDependency section */
		AF361D311F0DB72800FAAA1C /* PBXTargetDependency */ = {
			isa = PBXTargetDependency;
			target = AF6852B21EF8A56700F9DACF /* TimeCalc */;
			targetProxy = AF361D301F0DB72800FAAA1C /* PBXContainerItemProxy */;
		};
		AFB796F31FC2593800B8383A /* PBXTargetDependency */ = {
			isa = PBXTargetDependency;
			target = AFB796EA1FC2563500B8383A /* TimeCalcHelp */;
			targetProxy = AFB796F21FC2593800B8383A /* PBXContainerItemProxy */;
		};
/* End PBXTargetDependency section */

/* Begin PBXVariantGroup section */
		AF6852BC1EF8A56700F9DACF /* Main.storyboard */ = {
			isa = PBXVariantGroup;
			children = (
				AF6852BD1EF8A56700F9DACF /* Base */,
			);
			name = Main.storyboard;
			sourceTree = "<group>";
		};
/* End PBXVariantGroup section */

/* Begin XCBuildConfiguration section */
		AF361D321F0DB72800FAAA1C /* Debug */ = {
			isa = XCBuildConfiguration;
			buildSettings = {
				BUNDLE_LOADER = "$(TEST_HOST)";
				COMBINE_HIDPI_IMAGES = YES;
				INFOPLIST_FILE = TimeCalcTests/Info.plist;
				LD_RUNPATH_SEARCH_PATHS = "$(inherited) @executable_path/../Frameworks @loader_path/../Frameworks";
				MACOSX_DEPLOYMENT_TARGET = 10.13;
				PRODUCT_BUNDLE_IDENTIFIER = com.zanthan.TimeCalcTests;
				PRODUCT_NAME = "$(TARGET_NAME)";
				SWIFT_SWIFT3_OBJC_INFERENCE = Default;
				SWIFT_VERSION = 4.0;
				TEST_HOST = "$(BUILT_PRODUCTS_DIR)/TimeCalc.app/Contents/MacOS/TimeCalc";
			};
			name = Debug;
		};
		AF361D331F0DB72800FAAA1C /* Release */ = {
			isa = XCBuildConfiguration;
			buildSettings = {
				BUNDLE_LOADER = "$(TEST_HOST)";
				COMBINE_HIDPI_IMAGES = YES;
				INFOPLIST_FILE = TimeCalcTests/Info.plist;
				LD_RUNPATH_SEARCH_PATHS = "$(inherited) @executable_path/../Frameworks @loader_path/../Frameworks";
				MACOSX_DEPLOYMENT_TARGET = 10.13;
				PRODUCT_BUNDLE_IDENTIFIER = com.zanthan.TimeCalcTests;
				PRODUCT_NAME = "$(TARGET_NAME)";
				SWIFT_SWIFT3_OBJC_INFERENCE = Default;
				SWIFT_VERSION = 4.0;
				TEST_HOST = "$(BUILT_PRODUCTS_DIR)/TimeCalc.app/Contents/MacOS/TimeCalc";
			};
			name = Release;
		};
		AF6852C01EF8A56700F9DACF /* Debug */ = {
			isa = XCBuildConfiguration;
			buildSettings = {
				ALWAYS_SEARCH_USER_PATHS = NO;
				CLANG_ANALYZER_NONNULL = YES;
				CLANG_ANALYZER_NUMBER_OBJECT_CONVERSION = YES_AGGRESSIVE;
				CLANG_CXX_LANGUAGE_STANDARD = "gnu++0x";
				CLANG_CXX_LIBRARY = "libc++";
				CLANG_ENABLE_MODULES = YES;
				CLANG_ENABLE_OBJC_ARC = YES;
				CLANG_WARN_BLOCK_CAPTURE_AUTORELEASING = YES;
				CLANG_WARN_BOOL_CONVERSION = YES;
				CLANG_WARN_COMMA = YES;
				CLANG_WARN_CONSTANT_CONVERSION = YES;
				CLANG_WARN_DEPRECATED_OBJC_IMPLEMENTATIONS = YES;
				CLANG_WARN_DIRECT_OBJC_ISA_USAGE = YES_ERROR;
				CLANG_WARN_DOCUMENTATION_COMMENTS = YES;
				CLANG_WARN_EMPTY_BODY = YES;
				CLANG_WARN_ENUM_CONVERSION = YES;
				CLANG_WARN_INFINITE_RECURSION = YES;
				CLANG_WARN_INT_CONVERSION = YES;
				CLANG_WARN_NON_LITERAL_NULL_CONVERSION = YES;
				CLANG_WARN_OBJC_IMPLICIT_RETAIN_SELF = YES;
				CLANG_WARN_OBJC_LITERAL_CONVERSION = YES;
				CLANG_WARN_OBJC_ROOT_CLASS = YES_ERROR;
				CLANG_WARN_RANGE_LOOP_ANALYSIS = YES;
				CLANG_WARN_STRICT_PROTOTYPES = YES;
				CLANG_WARN_SUSPICIOUS_MOVE = YES;
				CLANG_WARN_UNREACHABLE_CODE = YES;
				CLANG_WARN__DUPLICATE_METHOD_MATCH = YES;
				CODE_SIGN_IDENTITY = "";
				COPY_PHASE_STRIP = NO;
				DEBUG_INFORMATION_FORMAT = dwarf;
				ENABLE_STRICT_OBJC_MSGSEND = YES;
				ENABLE_TESTABILITY = YES;
				GCC_C_LANGUAGE_STANDARD = gnu99;
				GCC_DYNAMIC_NO_PIC = NO;
				GCC_NO_COMMON_BLOCKS = YES;
				GCC_OPTIMIZATION_LEVEL = 0;
				GCC_PREPROCESSOR_DEFINITIONS = (
					"DEBUG=1",
					"$(inherited)",
				);
				GCC_WARN_64_TO_32_BIT_CONVERSION = YES;
				GCC_WARN_ABOUT_RETURN_TYPE = YES_ERROR;
				GCC_WARN_UNDECLARED_SELECTOR = YES;
				GCC_WARN_UNINITIALIZED_AUTOS = YES_AGGRESSIVE;
				GCC_WARN_UNUSED_FUNCTION = YES;
				GCC_WARN_UNUSED_VARIABLE = YES;
				MACOSX_DEPLOYMENT_TARGET = 10.14;
				MTL_ENABLE_DEBUG_INFO = YES;
				ONLY_ACTIVE_ARCH = YES;
				SDKROOT = macosx;
				SWIFT_ACTIVE_COMPILATION_CONDITIONS = DEBUG;
				SWIFT_OPTIMIZATION_LEVEL = "-Onone";
				SWIFT_SWIFT3_OBJC_INFERENCE = Default;
			};
			name = Debug;
		};
		AF6852C11EF8A56700F9DACF /* Release */ = {
			isa = XCBuildConfiguration;
			buildSettings = {
				ALWAYS_SEARCH_USER_PATHS = NO;
				CLANG_ANALYZER_NONNULL = YES;
				CLANG_ANALYZER_NUMBER_OBJECT_CONVERSION = YES_AGGRESSIVE;
				CLANG_CXX_LANGUAGE_STANDARD = "gnu++0x";
				CLANG_CXX_LIBRARY = "libc++";
				CLANG_ENABLE_MODULES = YES;
				CLANG_ENABLE_OBJC_ARC = YES;
				CLANG_WARN_BLOCK_CAPTURE_AUTORELEASING = YES;
				CLANG_WARN_BOOL_CONVERSION = YES;
				CLANG_WARN_COMMA = YES;
				CLANG_WARN_CONSTANT_CONVERSION = YES;
				CLANG_WARN_DEPRECATED_OBJC_IMPLEMENTATIONS = YES;
				CLANG_WARN_DIRECT_OBJC_ISA_USAGE = YES_ERROR;
				CLANG_WARN_DOCUMENTATION_COMMENTS = YES;
				CLANG_WARN_EMPTY_BODY = YES;
				CLANG_WARN_ENUM_CONVERSION = YES;
				CLANG_WARN_INFINITE_RECURSION = YES;
				CLANG_WARN_INT_CONVERSION = YES;
				CLANG_WARN_NON_LITERAL_NULL_CONVERSION = YES;
				CLANG_WARN_OBJC_IMPLICIT_RETAIN_SELF = YES;
				CLANG_WARN_OBJC_LITERAL_CONVERSION = YES;
				CLANG_WARN_OBJC_ROOT_CLASS = YES_ERROR;
				CLANG_WARN_RANGE_LOOP_ANALYSIS = YES;
				CLANG_WARN_STRICT_PROTOTYPES = YES;
				CLANG_WARN_SUSPICIOUS_MOVE = YES;
				CLANG_WARN_UNREACHABLE_CODE = YES;
				CLANG_WARN__DUPLICATE_METHOD_MATCH = YES;
				CODE_SIGN_IDENTITY = "";
				COPY_PHASE_STRIP = NO;
				DEBUG_INFORMATION_FORMAT = "dwarf-with-dsym";
				ENABLE_NS_ASSERTIONS = NO;
				ENABLE_STRICT_OBJC_MSGSEND = YES;
				GCC_C_LANGUAGE_STANDARD = gnu99;
				GCC_NO_COMMON_BLOCKS = YES;
				GCC_WARN_64_TO_32_BIT_CONVERSION = YES;
				GCC_WARN_ABOUT_RETURN_TYPE = YES_ERROR;
				GCC_WARN_UNDECLARED_SELECTOR = YES;
				GCC_WARN_UNINITIALIZED_AUTOS = YES_AGGRESSIVE;
				GCC_WARN_UNUSED_FUNCTION = YES;
				GCC_WARN_UNUSED_VARIABLE = YES;
				MACOSX_DEPLOYMENT_TARGET = 10.14;
				MTL_ENABLE_DEBUG_INFO = NO;
				SDKROOT = macosx;
				SWIFT_COMPILATION_MODE = wholemodule;
				SWIFT_OPTIMIZATION_LEVEL = "-Owholemodule";
				SWIFT_SWIFT3_OBJC_INFERENCE = Default;
			};
			name = Release;
		};
		AF6852C31EF8A56700F9DACF /* Debug */ = {
			isa = XCBuildConfiguration;
			buildSettings = {
				ASSETCATALOG_COMPILER_APPICON_NAME = AppIcon;
				CODE_SIGN_ENTITLEMENTS = TimeCalc/TimeCalc.entitlements;
				COMBINE_HIDPI_IMAGES = YES;
				INFOPLIST_FILE = TimeCalc/Info.plist;
				LD_RUNPATH_SEARCH_PATHS = "$(inherited) @executable_path/../Frameworks";
				MACOSX_DEPLOYMENT_TARGET = 10.13;
				PRODUCT_BUNDLE_IDENTIFIER = com.zanthan.TimeCalc;
				PRODUCT_NAME = "$(TARGET_NAME)";
				SWIFT_SWIFT3_OBJC_INFERENCE = Default;
				SWIFT_VERSION = 4.0;
			};
			name = Debug;
		};
		AF6852C41EF8A56700F9DACF /* Release */ = {
			isa = XCBuildConfiguration;
			buildSettings = {
				ASSETCATALOG_COMPILER_APPICON_NAME = AppIcon;
				CODE_SIGN_ENTITLEMENTS = TimeCalc/TimeCalc.entitlements;
				COMBINE_HIDPI_IMAGES = YES;
				INFOPLIST_FILE = TimeCalc/Info.plist;
				LD_RUNPATH_SEARCH_PATHS = "$(inherited) @executable_path/../Frameworks";
				MACOSX_DEPLOYMENT_TARGET = 10.13;
				PRODUCT_BUNDLE_IDENTIFIER = com.zanthan.TimeCalc;
				PRODUCT_NAME = "$(TARGET_NAME)";
				SWIFT_SWIFT3_OBJC_INFERENCE = Default;
				SWIFT_VERSION = 4.0;
			};
			name = Release;
		};
		AFB796EE1FC2563500B8383A /* Debug */ = {
			isa = XCBuildConfiguration;
			buildSettings = {
				CLANG_CXX_LANGUAGE_STANDARD = "gnu++14";
				CLANG_WARN_UNGUARDED_AVAILABILITY = YES_AGGRESSIVE;
				CODE_SIGN_IDENTITY = "-";
				CODE_SIGN_STYLE = Automatic;
				COMBINE_HIDPI_IMAGES = YES;
				GCC_C_LANGUAGE_STANDARD = gnu11;
				INFOPLIST_FILE = TimeCalcHelp/Info.plist;
				INSTALL_PATH = "$(LOCAL_LIBRARY_DIR)/Bundles";
				MACOSX_DEPLOYMENT_TARGET = 10.13;
				PRODUCT_BUNDLE_IDENTIFIER = com.zanthan.TimeCalcHelp;
				PRODUCT_NAME = "$(TARGET_NAME)";
				SKIP_INSTALL = YES;
				WRAPPER_EXTENSION = help;
			};
			name = Debug;
		};
		AFB796EF1FC2563500B8383A /* Release */ = {
			isa = XCBuildConfiguration;
			buildSettings = {
				CLANG_CXX_LANGUAGE_STANDARD = "gnu++14";
				CLANG_WARN_UNGUARDED_AVAILABILITY = YES_AGGRESSIVE;
				CODE_SIGN_IDENTITY = "-";
				CODE_SIGN_STYLE = Automatic;
				COMBINE_HIDPI_IMAGES = YES;
				GCC_C_LANGUAGE_STANDARD = gnu11;
				INFOPLIST_FILE = TimeCalcHelp/Info.plist;
				INSTALL_PATH = "$(LOCAL_LIBRARY_DIR)/Bundles";
				MACOSX_DEPLOYMENT_TARGET = 10.13;
				PRODUCT_BUNDLE_IDENTIFIER = com.zanthan.TimeCalcHelp;
				PRODUCT_NAME = "$(TARGET_NAME)";
				SKIP_INSTALL = YES;
				WRAPPER_EXTENSION = help;
			};
			name = Release;
		};
/* End XCBuildConfiguration section */

/* Begin XCConfigurationList section */
		AF361D341F0DB72800FAAA1C /* Build configuration list for PBXNativeTarget "TimeCalcTests" */ = {
			isa = XCConfigurationList;
			buildConfigurations = (
				AF361D321F0DB72800FAAA1C /* Debug */,
				AF361D331F0DB72800FAAA1C /* Release */,
			);
			defaultConfigurationIsVisible = 0;
			defaultConfigurationName = Release;
		};
		AF6852AE1EF8A56700F9DACF /* Build configuration list for PBXProject "TimeCalc" */ = {
			isa = XCConfigurationList;
			buildConfigurations = (
				AF6852C01EF8A56700F9DACF /* Debug */,
				AF6852C11EF8A56700F9DACF /* Release */,
			);
			defaultConfigurationIsVisible = 0;
			defaultConfigurationName = Release;
		};
		AF6852C21EF8A56700F9DACF /* Build configuration list for PBXNativeTarget "TimeCalc" */ = {
			isa = XCConfigurationList;
			buildConfigurations = (
				AF6852C31EF8A56700F9DACF /* Debug */,
				AF6852C41EF8A56700F9DACF /* Release */,
			);
			defaultConfigurationIsVisible = 0;
			defaultConfigurationName = Release;
		};
		AFB796F01FC2563500B8383A /* Build configuration list for PBXNativeTarget "TimeCalcHelp" */ = {
			isa = XCConfigurationList;
			buildConfigurations = (
				AFB796EE1FC2563500B8383A /* Debug */,
				AFB796EF1FC2563500B8383A /* Release */,
			);
			defaultConfigurationIsVisible = 0;
			defaultConfigurationName = Release;
		};
/* End XCConfigurationList section */
	};
	rootObject = AF6852AB1EF8A56700F9DACF /* Project object */;
}
